// !$*UTF8*$!
{
	archiveVersion = 1;
	classes = {
	};
	objectVersion = 46;
	objects = {

/* Begin PBXBuildFile section */
		1DCC7F11849F474DB6E0E923 /* libPods.a in Frameworks */ = {isa = PBXBuildFile; fileRef = DE944BF35DBA4CFAA158D871 /* libPods.a */; };
		38038439193F984000818615 /* libc++.dylib in Frameworks */ = {isa = PBXBuildFile; fileRef = 38038438193F984000818615 /* libc++.dylib */; };
		383B67E319436AA400697BF2 /* AbstractPoster.m in Sources */ = {isa = PBXBuildFile; fileRef = 383B67E219436AA400697BF2 /* AbstractPoster.m */; };
		383B67E619436AA400697BF2 /* Poster.m in Sources */ = {isa = PBXBuildFile; fileRef = 383B67E519436AA400697BF2 /* Poster.m */; };
		383B67E919436AA400697BF2 /* Category.m in Sources */ = {isa = PBXBuildFile; fileRef = 383B67E819436AA400697BF2 /* Category.m */; };
		383B67EB19436B3400697BF2 /* NSManagedObject+Utils.m in Sources */ = {isa = PBXBuildFile; fileRef = 383B67EA19436B3400697BF2 /* NSManagedObject+Utils.m */; };
		387AB640191FDC680091BE72 /* PatternDetector.cpp in Sources */ = {isa = PBXBuildFile; fileRef = 387AB63C191FDC680091BE72 /* PatternDetector.cpp */; };
		387AB641191FDC680091BE72 /* UIImage+OpenCV.mm in Sources */ = {isa = PBXBuildFile; fileRef = 387AB63F191FDC680091BE72 /* UIImage+OpenCV.mm */; };
		38F2469019350F3C0064AEA9 /* lena.jpg in Resources */ = {isa = PBXBuildFile; fileRef = 38F2468F19350F3C0064AEA9 /* lena.jpg */; };
		38F77FD2191657F000E91D91 /* PNSImageCapture.mm in Sources */ = {isa = PBXBuildFile; fileRef = 38F77FD1191657F000E91D91 /* PNSImageCapture.mm */; };
		9917F15D18218597002CA736 /* AVFoundation.framework in Frameworks */ = {isa = PBXBuildFile; fileRef = 9917F15C18218597002CA736 /* AVFoundation.framework */; };
		9917F15F182185A0002CA736 /* ImageIO.framework in Frameworks */ = {isa = PBXBuildFile; fileRef = 9917F15E182185A0002CA736 /* ImageIO.framework */; };
		9917F161182185A9002CA736 /* libz.dylib in Frameworks */ = {isa = PBXBuildFile; fileRef = 9917F160182185A9002CA736 /* libz.dylib */; };
		9917F16618218B39002CA736 /* PNSTestViewController.mm in Sources */ = {isa = PBXBuildFile; fileRef = 9917F16518218B39002CA736 /* PNSTestViewController.mm */; };
		9917F16818218E55002CA736 /* lena_full.jpg in Resources */ = {isa = PBXBuildFile; fileRef = 9917F16718218E55002CA736 /* lena_full.jpg */; };
		9917F16A18219069002CA736 /* CoreVideo.framework in Frameworks */ = {isa = PBXBuildFile; fileRef = 9917F16918219069002CA736 /* CoreVideo.framework */; };
		9917F16C1821906F002CA736 /* CoreMedia.framework in Frameworks */ = {isa = PBXBuildFile; fileRef = 9917F16B1821906F002CA736 /* CoreMedia.framework */; };
		99D3AD91181EEC150035508B /* Foundation.framework in Frameworks */ = {isa = PBXBuildFile; fileRef = 99D3AD90181EEC150035508B /* Foundation.framework */; };
		99D3AD93181EEC150035508B /* CoreGraphics.framework in Frameworks */ = {isa = PBXBuildFile; fileRef = 99D3AD92181EEC150035508B /* CoreGraphics.framework */; };
		99D3AD95181EEC150035508B /* UIKit.framework in Frameworks */ = {isa = PBXBuildFile; fileRef = 99D3AD94181EEC150035508B /* UIKit.framework */; };
		99D3AD97181EEC150035508B /* CoreData.framework in Frameworks */ = {isa = PBXBuildFile; fileRef = 99D3AD96181EEC150035508B /* CoreData.framework */; };
		99D3AD9D181EEC150035508B /* InfoPlist.strings in Resources */ = {isa = PBXBuildFile; fileRef = 99D3AD9B181EEC150035508B /* InfoPlist.strings */; };
		99D3AD9F181EEC150035508B /* main.mm in Sources */ = {isa = PBXBuildFile; fileRef = 99D3AD9E181EEC150035508B /* main.mm */; };
		99D3ADA3181EEC150035508B /* PNSAppDelegate.mm in Sources */ = {isa = PBXBuildFile; fileRef = 99D3ADA2181EEC150035508B /* PNSAppDelegate.mm */; };
		99D3ADA6181EEC150035508B /* Ponster.xcdatamodeld in Sources */ = {isa = PBXBuildFile; fileRef = 99D3ADA4181EEC150035508B /* Ponster.xcdatamodeld */; };
		99D3ADA8181EEC150035508B /* Images.xcassets in Resources */ = {isa = PBXBuildFile; fileRef = 99D3ADA7181EEC150035508B /* Images.xcassets */; };
		99D3ADAF181EEC150035508B /* XCTest.framework in Frameworks */ = {isa = PBXBuildFile; fileRef = 99D3ADAE181EEC150035508B /* XCTest.framework */; };
		99D3ADB0181EEC150035508B /* Foundation.framework in Frameworks */ = {isa = PBXBuildFile; fileRef = 99D3AD90181EEC150035508B /* Foundation.framework */; };
		99D3ADB1181EEC150035508B /* UIKit.framework in Frameworks */ = {isa = PBXBuildFile; fileRef = 99D3AD94181EEC150035508B /* UIKit.framework */; };
		99D3ADB2181EEC150035508B /* CoreData.framework in Frameworks */ = {isa = PBXBuildFile; fileRef = 99D3AD96181EEC150035508B /* CoreData.framework */; };
		99D3ADBA181EEC150035508B /* InfoPlist.strings in Resources */ = {isa = PBXBuildFile; fileRef = 99D3ADB8181EEC150035508B /* InfoPlist.strings */; };
		99D3ADBC181EEC150035508B /* PonsterTests.m in Sources */ = {isa = PBXBuildFile; fileRef = 99D3ADBB181EEC150035508B /* PonsterTests.m */; };
/* End PBXBuildFile section */

/* Begin PBXContainerItemProxy section */
		99D3ADB3181EEC150035508B /* PBXContainerItemProxy */ = {
			isa = PBXContainerItemProxy;
			containerPortal = 99D3AD85181EEC150035508B /* Project object */;
			proxyType = 1;
			remoteGlobalIDString = 99D3AD8C181EEC150035508B;
			remoteInfo = Ponster;
		};
/* End PBXContainerItemProxy section */

/* Begin PBXFileReference section */
		07BE48AEE1F14DB5B11EF518 /* Pods.xcconfig */ = {isa = PBXFileReference; includeInIndex = 1; lastKnownFileType = text.xcconfig; name = Pods.xcconfig; path = Pods/Pods.xcconfig; sourceTree = "<group>"; };
		38038438193F984000818615 /* libc++.dylib */ = {isa = PBXFileReference; lastKnownFileType = "compiled.mach-o.dylib"; name = "libc++.dylib"; path = "usr/lib/libc++.dylib"; sourceTree = SDKROOT; };
		383B67E119436AA400697BF2 /* AbstractPoster.h */ = {isa = PBXFileReference; fileEncoding = 4; lastKnownFileType = sourcecode.c.h; path = AbstractPoster.h; sourceTree = "<group>"; };
		383B67E219436AA400697BF2 /* AbstractPoster.m */ = {isa = PBXFileReference; fileEncoding = 4; lastKnownFileType = sourcecode.c.objc; path = AbstractPoster.m; sourceTree = "<group>"; };
		383B67E419436AA400697BF2 /* Poster.h */ = {isa = PBXFileReference; fileEncoding = 4; lastKnownFileType = sourcecode.c.h; path = Poster.h; sourceTree = "<group>"; };
		383B67E519436AA400697BF2 /* Poster.m */ = {isa = PBXFileReference; fileEncoding = 4; lastKnownFileType = sourcecode.c.objc; path = Poster.m; sourceTree = "<group>"; };
		383B67E719436AA400697BF2 /* Category.h */ = {isa = PBXFileReference; fileEncoding = 4; lastKnownFileType = sourcecode.c.h; path = Category.h; sourceTree = "<group>"; };
		383B67E819436AA400697BF2 /* Category.m */ = {isa = PBXFileReference; fileEncoding = 4; lastKnownFileType = sourcecode.c.objc; path = Category.m; sourceTree = "<group>"; };
		383B67EA19436B3400697BF2 /* NSManagedObject+Utils.m */ = {isa = PBXFileReference; fileEncoding = 4; lastKnownFileType = sourcecode.c.objc; path = "NSManagedObject+Utils.m"; sourceTree = "<group>"; };
		383B67EC19436B7000697BF2 /* NSManagedObject+Utils.h */ = {isa = PBXFileReference; lastKnownFileType = sourcecode.c.h; path = "NSManagedObject+Utils.h"; sourceTree = "<group>"; };
		387AB63C191FDC680091BE72 /* PatternDetector.cpp */ = {isa = PBXFileReference; fileEncoding = 4; lastKnownFileType = sourcecode.cpp.cpp; path = PatternDetector.cpp; sourceTree = "<group>"; };
		387AB63D191FDC680091BE72 /* PatternDetector.h */ = {isa = PBXFileReference; fileEncoding = 4; lastKnownFileType = sourcecode.c.h; path = PatternDetector.h; sourceTree = "<group>"; };
		387AB63E191FDC680091BE72 /* UIImage+OpenCV.h */ = {isa = PBXFileReference; fileEncoding = 4; lastKnownFileType = sourcecode.c.h; path = "UIImage+OpenCV.h"; sourceTree = "<group>"; };
		387AB63F191FDC680091BE72 /* UIImage+OpenCV.mm */ = {isa = PBXFileReference; fileEncoding = 4; lastKnownFileType = sourcecode.cpp.objcpp; path = "UIImage+OpenCV.mm"; sourceTree = "<group>"; };
		38F2468F19350F3C0064AEA9 /* lena.jpg */ = {isa = PBXFileReference; lastKnownFileType = image.jpeg; path = lena.jpg; sourceTree = "<group>"; };
		38F77FD0191657F000E91D91 /* PNSImageCapture.h */ = {isa = PBXFileReference; fileEncoding = 4; lastKnownFileType = sourcecode.c.h; path = PNSImageCapture.h; sourceTree = "<group>"; };
		38F77FD1191657F000E91D91 /* PNSImageCapture.mm */ = {isa = PBXFileReference; explicitFileType = sourcecode.cpp.objcpp; fileEncoding = 4; path = PNSImageCapture.mm; sourceTree = "<group>"; };
		38F77FD31916A3C900E91D91 /* VideoFrame.h */ = {isa = PBXFileReference; lastKnownFileType = sourcecode.c.h; path = VideoFrame.h; sourceTree = "<group>"; };
		9917F15C18218597002CA736 /* AVFoundation.framework */ = {isa = PBXFileReference; lastKnownFileType = wrapper.framework; name = AVFoundation.framework; path = System/Library/Frameworks/AVFoundation.framework; sourceTree = SDKROOT; };
		9917F15E182185A0002CA736 /* ImageIO.framework */ = {isa = PBXFileReference; lastKnownFileType = wrapper.framework; name = ImageIO.framework; path = System/Library/Frameworks/ImageIO.framework; sourceTree = SDKROOT; };
		9917F160182185A9002CA736 /* libz.dylib */ = {isa = PBXFileReference; lastKnownFileType = "compiled.mach-o.dylib"; name = libz.dylib; path = usr/lib/libz.dylib; sourceTree = SDKROOT; };
		9917F16418218B39002CA736 /* PNSTestViewController.h */ = {isa = PBXFileReference; fileEncoding = 4; lastKnownFileType = sourcecode.c.h; path = PNSTestViewController.h; sourceTree = "<group>"; };
		9917F16518218B39002CA736 /* PNSTestViewController.mm */ = {isa = PBXFileReference; fileEncoding = 4; lastKnownFileType = sourcecode.cpp.objcpp; path = PNSTestViewController.mm; sourceTree = "<group>"; };
		9917F16718218E55002CA736 /* lena_full.jpg */ = {isa = PBXFileReference; lastKnownFileType = image.jpeg; path = lena_full.jpg; sourceTree = "<group>"; };
		9917F16918219069002CA736 /* CoreVideo.framework */ = {isa = PBXFileReference; lastKnownFileType = wrapper.framework; name = CoreVideo.framework; path = System/Library/Frameworks/CoreVideo.framework; sourceTree = SDKROOT; };
		9917F16B1821906F002CA736 /* CoreMedia.framework */ = {isa = PBXFileReference; lastKnownFileType = wrapper.framework; name = CoreMedia.framework; path = System/Library/Frameworks/CoreMedia.framework; sourceTree = SDKROOT; };
		99D3AD8D181EEC150035508B /* Ponster.app */ = {isa = PBXFileReference; explicitFileType = wrapper.application; includeInIndex = 0; path = Ponster.app; sourceTree = BUILT_PRODUCTS_DIR; };
		99D3AD90181EEC150035508B /* Foundation.framework */ = {isa = PBXFileReference; lastKnownFileType = wrapper.framework; name = Foundation.framework; path = System/Library/Frameworks/Foundation.framework; sourceTree = SDKROOT; };
		99D3AD92181EEC150035508B /* CoreGraphics.framework */ = {isa = PBXFileReference; lastKnownFileType = wrapper.framework; name = CoreGraphics.framework; path = System/Library/Frameworks/CoreGraphics.framework; sourceTree = SDKROOT; };
		99D3AD94181EEC150035508B /* UIKit.framework */ = {isa = PBXFileReference; lastKnownFileType = wrapper.framework; name = UIKit.framework; path = System/Library/Frameworks/UIKit.framework; sourceTree = SDKROOT; };
		99D3AD96181EEC150035508B /* CoreData.framework */ = {isa = PBXFileReference; lastKnownFileType = wrapper.framework; name = CoreData.framework; path = System/Library/Frameworks/CoreData.framework; sourceTree = SDKROOT; };
		99D3AD9A181EEC150035508B /* Ponster-Info.plist */ = {isa = PBXFileReference; lastKnownFileType = text.plist.xml; path = "Ponster-Info.plist"; sourceTree = "<group>"; };
		99D3AD9C181EEC150035508B /* en */ = {isa = PBXFileReference; lastKnownFileType = text.plist.strings; name = en; path = en.lproj/InfoPlist.strings; sourceTree = "<group>"; };
		99D3AD9E181EEC150035508B /* main.mm */ = {isa = PBXFileReference; lastKnownFileType = sourcecode.cpp.objcpp; path = main.mm; sourceTree = "<group>"; };
		99D3ADA0181EEC150035508B /* Ponster-Prefix.pch */ = {isa = PBXFileReference; lastKnownFileType = sourcecode.c.h; path = "Ponster-Prefix.pch"; sourceTree = "<group>"; };
		99D3ADA1181EEC150035508B /* PNSAppDelegate.h */ = {isa = PBXFileReference; lastKnownFileType = sourcecode.c.h; path = PNSAppDelegate.h; sourceTree = "<group>"; };
		99D3ADA2181EEC150035508B /* PNSAppDelegate.mm */ = {isa = PBXFileReference; lastKnownFileType = sourcecode.cpp.objcpp; path = PNSAppDelegate.mm; sourceTree = "<group>"; };
		99D3ADA5181EEC150035508B /* Ponster.xcdatamodel */ = {isa = PBXFileReference; lastKnownFileType = wrapper.xcdatamodel; path = Ponster.xcdatamodel; sourceTree = "<group>"; };
		99D3ADA7181EEC150035508B /* Images.xcassets */ = {isa = PBXFileReference; lastKnownFileType = folder.assetcatalog; path = Images.xcassets; sourceTree = "<group>"; };
		99D3ADAD181EEC150035508B /* PonsterTests.xctest */ = {isa = PBXFileReference; explicitFileType = wrapper.cfbundle; includeInIndex = 0; path = PonsterTests.xctest; sourceTree = BUILT_PRODUCTS_DIR; };
		99D3ADAE181EEC150035508B /* XCTest.framework */ = {isa = PBXFileReference; lastKnownFileType = wrapper.framework; name = XCTest.framework; path = Library/Frameworks/XCTest.framework; sourceTree = DEVELOPER_DIR; };
		99D3ADB7181EEC150035508B /* PonsterTests-Info.plist */ = {isa = PBXFileReference; lastKnownFileType = text.plist.xml; path = "PonsterTests-Info.plist"; sourceTree = "<group>"; };
		99D3ADB9181EEC150035508B /* en */ = {isa = PBXFileReference; lastKnownFileType = text.plist.strings; name = en; path = en.lproj/InfoPlist.strings; sourceTree = "<group>"; };
		99D3ADBB181EEC150035508B /* PonsterTests.m */ = {isa = PBXFileReference; lastKnownFileType = sourcecode.c.objc; path = PonsterTests.m; sourceTree = "<group>"; };
		DE944BF35DBA4CFAA158D871 /* libPods.a */ = {isa = PBXFileReference; explicitFileType = archive.ar; includeInIndex = 0; path = libPods.a; sourceTree = BUILT_PRODUCTS_DIR; };
/* End PBXFileReference section */

/* Begin PBXFrameworksBuildPhase section */
		99D3AD8A181EEC150035508B /* Frameworks */ = {
			isa = PBXFrameworksBuildPhase;
			buildActionMask = 2147483647;
			files = (
				38038439193F984000818615 /* libc++.dylib in Frameworks */,
				9917F16C1821906F002CA736 /* CoreMedia.framework in Frameworks */,
				9917F16A18219069002CA736 /* CoreVideo.framework in Frameworks */,
				9917F161182185A9002CA736 /* libz.dylib in Frameworks */,
				9917F15F182185A0002CA736 /* ImageIO.framework in Frameworks */,
				9917F15D18218597002CA736 /* AVFoundation.framework in Frameworks */,
				99D3AD93181EEC150035508B /* CoreGraphics.framework in Frameworks */,
				99D3AD97181EEC150035508B /* CoreData.framework in Frameworks */,
				99D3AD95181EEC150035508B /* UIKit.framework in Frameworks */,
				99D3AD91181EEC150035508B /* Foundation.framework in Frameworks */,
				1DCC7F11849F474DB6E0E923 /* libPods.a in Frameworks */,
			);
			runOnlyForDeploymentPostprocessing = 0;
		};
		99D3ADAA181EEC150035508B /* Frameworks */ = {
			isa = PBXFrameworksBuildPhase;
			buildActionMask = 2147483647;
			files = (
				99D3ADAF181EEC150035508B /* XCTest.framework in Frameworks */,
				99D3ADB2181EEC150035508B /* CoreData.framework in Frameworks */,
				99D3ADB1181EEC150035508B /* UIKit.framework in Frameworks */,
				99D3ADB0181EEC150035508B /* Foundation.framework in Frameworks */,
			);
			runOnlyForDeploymentPostprocessing = 0;
		};
/* End PBXFrameworksBuildPhase section */

/* Begin PBXGroup section */
		383B67E019436A5900697BF2 /* Managed Objects */ = {
			isa = PBXGroup;
			children = (
				383B67E719436AA400697BF2 /* Category.h */,
				383B67E819436AA400697BF2 /* Category.m */,
				383B67E419436AA400697BF2 /* Poster.h */,
				383B67E519436AA400697BF2 /* Poster.m */,
				383B67E119436AA400697BF2 /* AbstractPoster.h */,
				383B67E219436AA400697BF2 /* AbstractPoster.m */,
				383B67EA19436B3400697BF2 /* NSManagedObject+Utils.m */,
				383B67EC19436B7000697BF2 /* NSManagedObject+Utils.h */,
			);
			name = "Managed Objects";
			sourceTree = "<group>";
		};
		387AB63B191FDC4B0091BE72 /* Pattern detector */ = {
			isa = PBXGroup;
			children = (
				387AB63C191FDC680091BE72 /* PatternDetector.cpp */,
				387AB63D191FDC680091BE72 /* PatternDetector.h */,
				387AB63E191FDC680091BE72 /* UIImage+OpenCV.h */,
				387AB63F191FDC680091BE72 /* UIImage+OpenCV.mm */,
			);
			name = "Pattern detector";
			sourceTree = "<group>";
		};
		38F77FCC1916577E00E91D91 /* Classes */ = {
			isa = PBXGroup;
			children = (
				387AB63B191FDC4B0091BE72 /* Pattern detector */,
				38F77FCF191657A000E91D91 /* Image capture */,
				38F77FCE1916579A00E91D91 /* Model */,
				38F77FCD1916578500E91D91 /* View controllers */,
			);
			name = Classes;
			sourceTree = "<group>";
		};
		38F77FCD1916578500E91D91 /* View controllers */ = {
			isa = PBXGroup;
			children = (
				9917F16418218B39002CA736 /* PNSTestViewController.h */,
				9917F16518218B39002CA736 /* PNSTestViewController.mm */,
			);
			name = "View controllers";
			sourceTree = "<group>";
		};
		38F77FCE1916579A00E91D91 /* Model */ = {
			isa = PBXGroup;
			children = (
				383B67E019436A5900697BF2 /* Managed Objects */,
				99D3ADA4181EEC150035508B /* Ponster.xcdatamodeld */,
			);
			name = Model;
			sourceTree = "<group>";
		};
		38F77FCF191657A000E91D91 /* Image capture */ = {
			isa = PBXGroup;
			children = (
				38F77FD0191657F000E91D91 /* PNSImageCapture.h */,
				38F77FD1191657F000E91D91 /* PNSImageCapture.mm */,
				38F77FD31916A3C900E91D91 /* VideoFrame.h */,
			);
			name = "Image capture";
			sourceTree = "<group>";
		};
		99D3AD84181EEC150035508B = {
			isa = PBXGroup;
			children = (
				99D3AD98181EEC150035508B /* Ponster */,
				99D3ADB5181EEC150035508B /* PonsterTests */,
				99D3AD8F181EEC150035508B /* Frameworks */,
				99D3AD8E181EEC150035508B /* Products */,
				07BE48AEE1F14DB5B11EF518 /* Pods.xcconfig */,
			);
			sourceTree = "<group>";
		};
		99D3AD8E181EEC150035508B /* Products */ = {
			isa = PBXGroup;
			children = (
				99D3AD8D181EEC150035508B /* Ponster.app */,
				99D3ADAD181EEC150035508B /* PonsterTests.xctest */,
			);
			name = Products;
			sourceTree = "<group>";
		};
		99D3AD8F181EEC150035508B /* Frameworks */ = {
			isa = PBXGroup;
			children = (
				38038438193F984000818615 /* libc++.dylib */,
				9917F16B1821906F002CA736 /* CoreMedia.framework */,
				9917F16918219069002CA736 /* CoreVideo.framework */,
				9917F160182185A9002CA736 /* libz.dylib */,
				9917F15E182185A0002CA736 /* ImageIO.framework */,
				9917F15C18218597002CA736 /* AVFoundation.framework */,
				99D3AD90181EEC150035508B /* Foundation.framework */,
				99D3AD92181EEC150035508B /* CoreGraphics.framework */,
				99D3AD94181EEC150035508B /* UIKit.framework */,
				99D3AD96181EEC150035508B /* CoreData.framework */,
				99D3ADAE181EEC150035508B /* XCTest.framework */,
				DE944BF35DBA4CFAA158D871 /* libPods.a */,
			);
			name = Frameworks;
			sourceTree = "<group>";
		};
		99D3AD98181EEC150035508B /* Ponster */ = {
			isa = PBXGroup;
			children = (
				38F77FCC1916577E00E91D91 /* Classes */,
				99D3ADA1181EEC150035508B /* PNSAppDelegate.h */,
				99D3ADA2181EEC150035508B /* PNSAppDelegate.mm */,
				99D3AD99181EEC150035508B /* Supporting Files */,
			);
			path = Ponster;
			sourceTree = "<group>";
		};
		99D3AD99181EEC150035508B /* Supporting Files */ = {
			isa = PBXGroup;
			children = (
				99D3ADA7181EEC150035508B /* Images.xcassets */,
				38F2468F19350F3C0064AEA9 /* lena.jpg */,
				9917F16718218E55002CA736 /* lena_full.jpg */,
				99D3AD9A181EEC150035508B /* Ponster-Info.plist */,
				99D3AD9B181EEC150035508B /* InfoPlist.strings */,
				99D3AD9E181EEC150035508B /* main.mm */,
				99D3ADA0181EEC150035508B /* Ponster-Prefix.pch */,
			);
			name = "Supporting Files";
			sourceTree = "<group>";
		};
		99D3ADB5181EEC150035508B /* PonsterTests */ = {
			isa = PBXGroup;
			children = (
				99D3ADBB181EEC150035508B /* PonsterTests.m */,
				99D3ADB6181EEC150035508B /* Supporting Files */,
			);
			path = PonsterTests;
			sourceTree = "<group>";
		};
		99D3ADB6181EEC150035508B /* Supporting Files */ = {
			isa = PBXGroup;
			children = (
				99D3ADB7181EEC150035508B /* PonsterTests-Info.plist */,
				99D3ADB8181EEC150035508B /* InfoPlist.strings */,
			);
			name = "Supporting Files";
			sourceTree = "<group>";
		};
/* End PBXGroup section */

/* Begin PBXNativeTarget section */
		99D3AD8C181EEC150035508B /* Ponster */ = {
			isa = PBXNativeTarget;
			buildConfigurationList = 99D3ADBF181EEC150035508B /* Build configuration list for PBXNativeTarget "Ponster" */;
			buildPhases = (
				1A5C2418121941EE805A679A /* Check Pods Manifest.lock */,
				99D3AD89181EEC150035508B /* Sources */,
				99D3AD8A181EEC150035508B /* Frameworks */,
				99D3AD8B181EEC150035508B /* Resources */,
				6CDE8D01C55F40E88072F6F3 /* Copy Pods Resources */,
			);
			buildRules = (
			);
			dependencies = (
			);
			name = Ponster;
			productName = Ponster;
			productReference = 99D3AD8D181EEC150035508B /* Ponster.app */;
			productType = "com.apple.product-type.application";
		};
		99D3ADAC181EEC150035508B /* PonsterTests */ = {
			isa = PBXNativeTarget;
			buildConfigurationList = 99D3ADC2181EEC150035508B /* Build configuration list for PBXNativeTarget "PonsterTests" */;
			buildPhases = (
				99D3ADA9181EEC150035508B /* Sources */,
				99D3ADAA181EEC150035508B /* Frameworks */,
				99D3ADAB181EEC150035508B /* Resources */,
			);
			buildRules = (
			);
			dependencies = (
				99D3ADB4181EEC150035508B /* PBXTargetDependency */,
			);
			name = PonsterTests;
			productName = PonsterTests;
			productReference = 99D3ADAD181EEC150035508B /* PonsterTests.xctest */;
			productType = "com.apple.product-type.bundle.unit-test";
		};
/* End PBXNativeTarget section */

/* Begin PBXProject section */
		99D3AD85181EEC150035508B /* Project object */ = {
			isa = PBXProject;
			attributes = {
				CLASSPREFIX = PNS;
				LastUpgradeCheck = 0510;
				ORGANIZATIONNAME = alvaromb;
				TargetAttributes = {
					99D3AD8C181EEC150035508B = {
						DevelopmentTeam = NT336YL2P8;
					};
					99D3ADAC181EEC150035508B = {
						TestTargetID = 99D3AD8C181EEC150035508B;
					};
				};
			};
			buildConfigurationList = 99D3AD88181EEC150035508B /* Build configuration list for PBXProject "Ponster" */;
			compatibilityVersion = "Xcode 3.2";
			developmentRegion = English;
			hasScannedForEncodings = 0;
			knownRegions = (
				en,
			);
			mainGroup = 99D3AD84181EEC150035508B;
			productRefGroup = 99D3AD8E181EEC150035508B /* Products */;
			projectDirPath = "";
			projectRoot = "";
			targets = (
				99D3AD8C181EEC150035508B /* Ponster */,
				99D3ADAC181EEC150035508B /* PonsterTests */,
			);
		};
/* End PBXProject section */

/* Begin PBXResourcesBuildPhase section */
		99D3AD8B181EEC150035508B /* Resources */ = {
			isa = PBXResourcesBuildPhase;
			buildActionMask = 2147483647;
			files = (
				9917F16818218E55002CA736 /* lena_full.jpg in Resources */,
				38F2469019350F3C0064AEA9 /* lena.jpg in Resources */,
				99D3AD9D181EEC150035508B /* InfoPlist.strings in Resources */,
				99D3ADA8181EEC150035508B /* Images.xcassets in Resources */,
			);
			runOnlyForDeploymentPostprocessing = 0;
		};
		99D3ADAB181EEC150035508B /* Resources */ = {
			isa = PBXResourcesBuildPhase;
			buildActionMask = 2147483647;
			files = (
				99D3ADBA181EEC150035508B /* InfoPlist.strings in Resources */,
			);
			runOnlyForDeploymentPostprocessing = 0;
		};
/* End PBXResourcesBuildPhase section */

/* Begin PBXShellScriptBuildPhase section */
		1A5C2418121941EE805A679A /* Check Pods Manifest.lock */ = {
			isa = PBXShellScriptBuildPhase;
			buildActionMask = 2147483647;
			files = (
			);
			inputPaths = (
			);
			name = "Check Pods Manifest.lock";
			outputPaths = (
			);
			runOnlyForDeploymentPostprocessing = 0;
			shellPath = /bin/sh;
			shellScript = "diff \"${PODS_ROOT}/../Podfile.lock\" \"${PODS_ROOT}/Manifest.lock\" > /dev/null\nif [[ $? != 0 ]] ; then\n    cat << EOM\nerror: The sandbox is not in sync with the Podfile.lock. Run 'pod install' or update your CocoaPods installation.\nEOM\n    exit 1\nfi\n";
			showEnvVarsInLog = 0;
		};
		6CDE8D01C55F40E88072F6F3 /* Copy Pods Resources */ = {
			isa = PBXShellScriptBuildPhase;
			buildActionMask = 2147483647;
			files = (
			);
			inputPaths = (
			);
			name = "Copy Pods Resources";
			outputPaths = (
			);
			runOnlyForDeploymentPostprocessing = 0;
			shellPath = /bin/sh;
			shellScript = "\"${SRCROOT}/Pods/Pods-resources.sh\"\n";
			showEnvVarsInLog = 0;
		};
/* End PBXShellScriptBuildPhase section */

/* Begin PBXSourcesBuildPhase section */
		99D3AD89181EEC150035508B /* Sources */ = {
			isa = PBXSourcesBuildPhase;
			buildActionMask = 2147483647;
			files = (
				99D3ADA3181EEC150035508B /* PNSAppDelegate.mm in Sources */,
				99D3ADA6181EEC150035508B /* Ponster.xcdatamodeld in Sources */,
				387AB640191FDC680091BE72 /* PatternDetector.cpp in Sources */,
				38F77FD2191657F000E91D91 /* PNSImageCapture.mm in Sources */,
				383B67E319436AA400697BF2 /* AbstractPoster.m in Sources */,
				387AB641191FDC680091BE72 /* UIImage+OpenCV.mm in Sources */,
				9917F16618218B39002CA736 /* PNSTestViewController.mm in Sources */,
				383B67E919436AA400697BF2 /* Category.m in Sources */,
				383B67E619436AA400697BF2 /* Poster.m in Sources */,
				383B67EB19436B3400697BF2 /* NSManagedObject+Utils.m in Sources */,
				99D3AD9F181EEC150035508B /* main.mm in Sources */,
			);
			runOnlyForDeploymentPostprocessing = 0;
		};
		99D3ADA9181EEC150035508B /* Sources */ = {
			isa = PBXSourcesBuildPhase;
			buildActionMask = 2147483647;
			files = (
				99D3ADBC181EEC150035508B /* PonsterTests.m in Sources */,
			);
			runOnlyForDeploymentPostprocessing = 0;
		};
/* End PBXSourcesBuildPhase section */

/* Begin PBXTargetDependency section */
		99D3ADB4181EEC150035508B /* PBXTargetDependency */ = {
			isa = PBXTargetDependency;
			target = 99D3AD8C181EEC150035508B /* Ponster */;
			targetProxy = 99D3ADB3181EEC150035508B /* PBXContainerItemProxy */;
		};
/* End PBXTargetDependency section */

/* Begin PBXVariantGroup section */
		99D3AD9B181EEC150035508B /* InfoPlist.strings */ = {
			isa = PBXVariantGroup;
			children = (
				99D3AD9C181EEC150035508B /* en */,
			);
			name = InfoPlist.strings;
			sourceTree = "<group>";
		};
		99D3ADB8181EEC150035508B /* InfoPlist.strings */ = {
			isa = PBXVariantGroup;
			children = (
				99D3ADB9181EEC150035508B /* en */,
			);
			name = InfoPlist.strings;
			sourceTree = "<group>";
		};
/* End PBXVariantGroup section */

/* Begin XCBuildConfiguration section */
		99D3ADBD181EEC150035508B /* Debug */ = {
			isa = XCBuildConfiguration;
			buildSettings = {
				ALWAYS_SEARCH_USER_PATHS = NO;
				CLANG_CXX_LANGUAGE_STANDARD = "gnu++0x";
				CLANG_CXX_LIBRARY = "libc++";
				CLANG_ENABLE_MODULES = YES;
				CLANG_ENABLE_OBJC_ARC = YES;
				CLANG_WARN_BOOL_CONVERSION = YES;
				CLANG_WARN_CONSTANT_CONVERSION = YES;
				CLANG_WARN_DIRECT_OBJC_ISA_USAGE = YES_ERROR;
				CLANG_WARN_EMPTY_BODY = YES;
				CLANG_WARN_ENUM_CONVERSION = YES;
				CLANG_WARN_INT_CONVERSION = YES;
				CLANG_WARN_OBJC_ROOT_CLASS = YES_ERROR;
				CLANG_WARN__DUPLICATE_METHOD_MATCH = YES;
				"CODE_SIGN_IDENTITY[sdk=iphoneos*]" = "iPhone Developer";
				COPY_PHASE_STRIP = NO;
				GCC_C_LANGUAGE_STANDARD = gnu99;
				GCC_DYNAMIC_NO_PIC = NO;
				GCC_OPTIMIZATION_LEVEL = 0;
				GCC_PREPROCESSOR_DEFINITIONS = (
					"DEBUG=1",
					"$(inherited)",
				);
				GCC_SYMBOLS_PRIVATE_EXTERN = NO;
				GCC_WARN_64_TO_32_BIT_CONVERSION = YES;
				GCC_WARN_ABOUT_RETURN_TYPE = YES_ERROR;
				GCC_WARN_UNDECLARED_SELECTOR = YES;
				GCC_WARN_UNINITIALIZED_AUTOS = YES;
				GCC_WARN_UNUSED_FUNCTION = YES;
				GCC_WARN_UNUSED_VARIABLE = YES;
				IPHONEOS_DEPLOYMENT_TARGET = 7.0;
				ONLY_ACTIVE_ARCH = YES;
				SDKROOT = iphoneos;
				TARGETED_DEVICE_FAMILY = "1,2";
			};
			name = Debug;
		};
		99D3ADBE181EEC150035508B /* Release */ = {
			isa = XCBuildConfiguration;
			buildSettings = {
				ALWAYS_SEARCH_USER_PATHS = NO;
				CLANG_CXX_LANGUAGE_STANDARD = "gnu++0x";
				CLANG_CXX_LIBRARY = "libc++";
				CLANG_ENABLE_MODULES = YES;
				CLANG_ENABLE_OBJC_ARC = YES;
				CLANG_WARN_BOOL_CONVERSION = YES;
				CLANG_WARN_CONSTANT_CONVERSION = YES;
				CLANG_WARN_DIRECT_OBJC_ISA_USAGE = YES_ERROR;
				CLANG_WARN_EMPTY_BODY = YES;
				CLANG_WARN_ENUM_CONVERSION = YES;
				CLANG_WARN_INT_CONVERSION = YES;
				CLANG_WARN_OBJC_ROOT_CLASS = YES_ERROR;
				CLANG_WARN__DUPLICATE_METHOD_MATCH = YES;
				"CODE_SIGN_IDENTITY[sdk=iphoneos*]" = "iPhone Developer";
				COPY_PHASE_STRIP = YES;
				ENABLE_NS_ASSERTIONS = NO;
				GCC_C_LANGUAGE_STANDARD = gnu99;
				GCC_WARN_64_TO_32_BIT_CONVERSION = YES;
				GCC_WARN_ABOUT_RETURN_TYPE = YES_ERROR;
				GCC_WARN_UNDECLARED_SELECTOR = YES;
				GCC_WARN_UNINITIALIZED_AUTOS = YES;
				GCC_WARN_UNUSED_FUNCTION = YES;
				GCC_WARN_UNUSED_VARIABLE = YES;
				IPHONEOS_DEPLOYMENT_TARGET = 7.0;
				ONLY_ACTIVE_ARCH = YES;
				SDKROOT = iphoneos;
				TARGETED_DEVICE_FAMILY = "1,2";
				VALIDATE_PRODUCT = YES;
			};
			name = Release;
		};
		99D3ADC0181EEC150035508B /* Debug */ = {
			isa = XCBuildConfiguration;
			baseConfigurationReference = 07BE48AEE1F14DB5B11EF518 /* Pods.xcconfig */;
			buildSettings = {
				ASSETCATALOG_COMPILER_APPICON_NAME = AppIcon;
				ASSETCATALOG_COMPILER_LAUNCHIMAGE_NAME = LaunchImage;
				CODE_SIGN_IDENTITY = "iPhone Developer";
				"CODE_SIGN_IDENTITY[sdk=iphoneos*]" = "iPhone Developer";
				FRAMEWORK_SEARCH_PATHS = (
					"$(inherited)",
					/Users/ricci/Downloads,
					/Users/ricci/uib/pfc/Ponster,
				);
				GCC_PRECOMPILE_PREFIX_HEADER = YES;
				GCC_PREFIX_HEADER = "Ponster/Ponster-Prefix.pch";
				INFOPLIST_FILE = "Ponster/Ponster-Info.plist";
				PRODUCT_NAME = "$(TARGET_NAME)";
				PROVISIONING_PROFILE = "";
				TARGETED_DEVICE_FAMILY = "1,2";
				WRAPPER_EXTENSION = app;
			};
			name = Debug;
		};
		99D3ADC1181EEC150035508B /* Release */ = {
			isa = XCBuildConfiguration;
			baseConfigurationReference = 07BE48AEE1F14DB5B11EF518 /* Pods.xcconfig */;
			buildSettings = {
				ASSETCATALOG_COMPILER_APPICON_NAME = AppIcon;
				ASSETCATALOG_COMPILER_LAUNCHIMAGE_NAME = LaunchImage;
				CODE_SIGN_IDENTITY = "iPhone Developer";
				"CODE_SIGN_IDENTITY[sdk=iphoneos*]" = "iPhone Developer";
				FRAMEWORK_SEARCH_PATHS = (
					"$(inherited)",
					/Users/ricci/Downloads,
					/Users/ricci/uib/pfc/Ponster,
				);
				GCC_PRECOMPILE_PREFIX_HEADER = YES;
				GCC_PREFIX_HEADER = "Ponster/Ponster-Prefix.pch";
				INFOPLIST_FILE = "Ponster/Ponster-Info.plist";
				PRODUCT_NAME = "$(TARGET_NAME)";
				PROVISIONING_PROFILE = "";
				TARGETED_DEVICE_FAMILY = "1,2";
				WRAPPER_EXTENSION = app;
			};
			name = Release;
		};
		99D3ADC3181EEC150035508B /* Debug */ = {
			isa = XCBuildConfiguration;
			buildSettings = {
				BUNDLE_LOADER = "$(BUILT_PRODUCTS_DIR)/Ponster.app/Ponster";
				FRAMEWORK_SEARCH_PATHS = (
					"$(SDKROOT)/Developer/Library/Frameworks",
					"$(inherited)",
					"$(DEVELOPER_FRAMEWORKS_DIR)",
				);
				GCC_PRECOMPILE_PREFIX_HEADER = YES;
				GCC_PREFIX_HEADER = "Ponster/Ponster-Prefix.pch";
				GCC_PREPROCESSOR_DEFINITIONS = (
					"DEBUG=1",
					"$(inherited)",
				);
				INFOPLIST_FILE = "PonsterTests/PonsterTests-Info.plist";
				PRODUCT_NAME = "$(TARGET_NAME)";
				TEST_HOST = "$(BUNDLE_LOADER)";
				WRAPPER_EXTENSION = xctest;
			};
			name = Debug;
		};
		99D3ADC4181EEC150035508B /* Release */ = {
			isa = XCBuildConfiguration;
			buildSettings = {
				BUNDLE_LOADER = "$(BUILT_PRODUCTS_DIR)/Ponster.app/Ponster";
				FRAMEWORK_SEARCH_PATHS = (
					"$(SDKROOT)/Developer/Library/Frameworks",
					"$(inherited)",
					"$(DEVELOPER_FRAMEWORKS_DIR)",
				);
				GCC_PRECOMPILE_PREFIX_HEADER = YES;
				GCC_PREFIX_HEADER = "Ponster/Ponster-Prefix.pch";
				INFOPLIST_FILE = "PonsterTests/PonsterTests-Info.plist";
				PRODUCT_NAME = "$(TARGET_NAME)";
				TEST_HOST = "$(BUNDLE_LOADER)";
				WRAPPER_EXTENSION = xctest;
			};
			name = Release;
		};
/* End XCBuildConfiguration section */

/* Begin XCConfigurationList section */
		99D3AD88181EEC150035508B /* Build configuration list for PBXProject "Ponster" */ = {
			isa = XCConfigurationList;
			buildConfigurations = (
				99D3ADBD181EEC150035508B /* Debug */,
				99D3ADBE181EEC150035508B /* Release */,
			);
			defaultConfigurationIsVisible = 0;
			defaultConfigurationName = Release;
		};
		99D3ADBF181EEC150035508B /* Build configuration list for PBXNativeTarget "Ponster" */ = {
			isa = XCConfigurationList;
			buildConfigurations = (
				99D3ADC0181EEC150035508B /* Debug */,
				99D3ADC1181EEC150035508B /* Release */,
			);
			defaultConfigurationIsVisible = 0;
			defaultConfigurationName = Release;
		};
		99D3ADC2181EEC150035508B /* Build configuration list for PBXNativeTarget "PonsterTests" */ = {
			isa = XCConfigurationList;
			buildConfigurations = (
				99D3ADC3181EEC150035508B /* Debug */,
				99D3ADC4181EEC150035508B /* Release */,
			);
			defaultConfigurationIsVisible = 0;
			defaultConfigurationName = Release;
		};
/* End XCConfigurationList section */

/* Begin XCVersionGroup section */
		99D3ADA4181EEC150035508B /* Ponster.xcdatamodeld */ = {
			isa = XCVersionGroup;
			children = (
				99D3ADA5181EEC150035508B /* Ponster.xcdatamodel */,
			);
			currentVersion = 99D3ADA5181EEC150035508B /* Ponster.xcdatamodel */;
			path = Ponster.xcdatamodeld;
			sourceTree = "<group>";
			versionGroupType = wrapper.xcdatamodel;
		};
/* End XCVersionGroup section */
	};
	rootObject = 99D3AD85181EEC150035508B /* Project object */;
}
